
Microsoft Visual Studio Solution File, Format Version 12.00
# Visual Studio 2012
Project("{FAE04EC0-301F-11D3-BF4B-00C04F79EFBC}") = "DotNetAdapterSDK", "DotNetAdapterSDK.csproj", "{D8D08DBE-B511-4DE0-B5A9-563EBFC60C4F}"
EndProject
Project("{FAE04EC0-301F-11D3-BF4B-00C04F79EFBC}") = "NUnitTests", "NUnitTests\NUnitTests.csproj", "{429B8B5C-8483-4680-BC8D-E2792574F6A4}"
EndProject
Global
	GlobalSection(SolutionConfigurationPlatforms) = preSolution
		Debug|Any CPU = Debug|Any CPU
		Release|Any CPU = Release|Any CPU
	EndGlobalSection
	GlobalSection(ProjectConfigurationPlatforms) = postSolution
		{D8D08DBE-B511-4DE0-B5A9-563EBFC60C4F}.Debug|Any CPU.ActiveCfg = Debug|Any CPU
		{D8D08DBE-B511-4DE0-B5A9-563EBFC60C4F}.Debug|Any CPU.Build.0 = Debug|Any CPU
		{D8D08DBE-B511-4DE0-B5A9-563EBFC60C4F}.Release|Any CPU.ActiveCfg = Release|Any CPU
		{D8D08DBE-B511-4DE0-B5A9-563EBFC60C4F}.Release|Any CPU.Build.0 = Release|Any CPU
		{429B8B5C-8483-4680-BC8D-E2792574F6A4}.Debug|Any CPU.ActiveCfg = Debug|Any CPU
		{429B8B5C-8483-4680-BC8D-E2792574F6A4}.Debug|Any CPU.Build.0 = Debug|Any CPU
		{429B8B5C-8483-4680-BC8D-E2792574F6A4}.Release|Any CPU.ActiveCfg = Release|Any CPU
		{429B8B5C-8483-4680-BC8D-E2792574F6A4}.Release|Any CPU.Build.0 = Release|Any CPU
	EndGlobalSection
	GlobalSection(SolutionProperties) = preSolution
		HideSolutionNode = FALSE
	EndGlobalSection
EndGlobal
