
Microsoft Visual Studio Solution File, Format Version 12.00
# Visual Studio 15
VisualStudioVersion = 15.0.28307.852
MinimumVisualStudioVersion = 15.0.26124.0
Project("{FAE04EC0-301F-11D3-BF4B-00C04F79EFBC}") = "NUnitTests", "NUnitTests\NUnitTests.csproj", "{429B8B5C-8483-4680-BC8D-E2792574F6A4}"
EndProject
Project("{9A19103F-16F7-4668-BE54-9A1E7A4F7556}") = "mtconnect_adapter_sdk", "src\mtconnect_adapter_sdk.csproj", "{8E4366CF-604A-4357-A16A-F0B4F9EB9746}"
EndProject
Project("{FAE04EC0-301F-11D3-BF4B-00C04F79EFBC}") = "AdapterLab", "sample\AdapterLab.csproj", "{DD794D29-E15C-4C02-85A5-631C8FEDCE69}"
EndProject
Global
	GlobalSection(SolutionConfigurationPlatforms) = preSolution
		Debug|Any CPU = Debug|Any CPU
		Debug|Mixed Platforms = Debug|Mixed Platforms
		Debug|x86 = Debug|x86
		Release|Any CPU = Release|Any CPU
		Release|Mixed Platforms = Release|Mixed Platforms
		Release|x86 = Release|x86
	EndGlobalSection
	GlobalSection(ProjectConfigurationPlatforms) = postSolution
		{429B8B5C-8483-4680-BC8D-E2792574F6A4}.Debug|Any CPU.ActiveCfg = Debug|Any CPU
		{429B8B5C-8483-4680-BC8D-E2792574F6A4}.Debug|Any CPU.Build.0 = Debug|Any CPU
		{429B8B5C-8483-4680-BC8D-E2792574F6A4}.Debug|Mixed Platforms.ActiveCfg = Debug|Any CPU
		{429B8B5C-8483-4680-BC8D-E2792574F6A4}.Debug|Mixed Platforms.Build.0 = Debug|Any CPU
		{429B8B5C-8483-4680-BC8D-E2792574F6A4}.Debug|x86.ActiveCfg = Debug|Any CPU
		{429B8B5C-8483-4680-BC8D-E2792574F6A4}.Release|Any CPU.ActiveCfg = Release|Any CPU
		{429B8B5C-8483-4680-BC8D-E2792574F6A4}.Release|Any CPU.Build.0 = Release|Any CPU
		{429B8B5C-8483-4680-BC8D-E2792574F6A4}.Release|Mixed Platforms.ActiveCfg = Release|Any CPU
		{429B8B5C-8483-4680-BC8D-E2792574F6A4}.Release|Mixed Platforms.Build.0 = Release|Any CPU
		{429B8B5C-8483-4680-BC8D-E2792574F6A4}.Release|x86.ActiveCfg = Release|Any CPU
		{8E4366CF-604A-4357-A16A-F0B4F9EB9746}.Debug|Any CPU.ActiveCfg = Debug|Any CPU
		{8E4366CF-604A-4357-A16A-F0B4F9EB9746}.Debug|Any CPU.Build.0 = Debug|Any CPU
		{8E4366CF-604A-4357-A16A-F0B4F9EB9746}.Debug|Mixed Platforms.ActiveCfg = Debug|Any CPU
		{8E4366CF-604A-4357-A16A-F0B4F9EB9746}.Debug|Mixed Platforms.Build.0 = Debug|Any CPU
		{8E4366CF-604A-4357-A16A-F0B4F9EB9746}.Debug|x86.ActiveCfg = Debug|Any CPU
		{8E4366CF-604A-4357-A16A-F0B4F9EB9746}.Debug|x86.Build.0 = Debug|Any CPU
		{8E4366CF-604A-4357-A16A-F0B4F9EB9746}.Release|Any CPU.ActiveCfg = Release|Any CPU
		{8E4366CF-604A-4357-A16A-F0B4F9EB9746}.Release|Any CPU.Build.0 = Release|Any CPU
		{8E4366CF-604A-4357-A16A-F0B4F9EB9746}.Release|Mixed Platforms.ActiveCfg = Release|Any CPU
		{8E4366CF-604A-4357-A16A-F0B4F9EB9746}.Release|Mixed Platforms.Build.0 = Release|Any CPU
		{8E4366CF-604A-4357-A16A-F0B4F9EB9746}.Release|x86.ActiveCfg = Release|Any CPU
		{8E4366CF-604A-4357-A16A-F0B4F9EB9746}.Release|x86.Build.0 = Release|Any CPU
		{DD794D29-E15C-4C02-85A5-631C8FEDCE69}.Debug|Any CPU.ActiveCfg = Debug|Any CPU
		{DD794D29-E15C-4C02-85A5-631C8FEDCE69}.Debug|Any CPU.Build.0 = Debug|Any CPU
		{DD794D29-E15C-4C02-85A5-631C8FEDCE69}.Debug|Mixed Platforms.ActiveCfg = Debug|Any CPU
		{DD794D29-E15C-4C02-85A5-631C8FEDCE69}.Debug|Mixed Platforms.Build.0 = Debug|Any CPU
		{DD794D29-E15C-4C02-85A5-631C8FEDCE69}.Debug|x86.ActiveCfg = Debug|Any CPU
		{DD794D29-E15C-4C02-85A5-631C8FEDCE69}.Debug|x86.Build.0 = Debug|Any CPU
		{DD794D29-E15C-4C02-85A5-631C8FEDCE69}.Release|Any CPU.ActiveCfg = Release|Any CPU
		{DD794D29-E15C-4C02-85A5-631C8FEDCE69}.Release|Any CPU.Build.0 = Release|Any CPU
		{DD794D29-E15C-4C02-85A5-631C8FEDCE69}.Release|Mixed Platforms.ActiveCfg = Release|Any CPU
		{DD794D29-E15C-4C02-85A5-631C8FEDCE69}.Release|Mixed Platforms.Build.0 = Release|Any CPU
		{DD794D29-E15C-4C02-85A5-631C8FEDCE69}.Release|x86.ActiveCfg = Release|Any CPU
		{DD794D29-E15C-4C02-85A5-631C8FEDCE69}.Release|x86.Build.0 = Release|Any CPU
	EndGlobalSection
	GlobalSection(SolutionProperties) = preSolution
		HideSolutionNode = FALSE
	EndGlobalSection
	GlobalSection(ExtensibilityGlobals) = postSolution
		SolutionGuid = {68DA87DB-2C9A-4F20-82F7-953DB0309F46}
	EndGlobalSection
EndGlobal
